
Microsoft Visual Studio Solution File, Format Version 12.00
# Visual Studio Version 17
VisualStudioVersion = 17.7.34031.279
MinimumVisualStudioVersion = 10.0.40219.1
Project("{FAE04EC0-301F-11D3-BF4B-00C04F79EFBC}") = "CoreFirebase", "CoreFirebase\CoreFirebase.csproj", "{D66DE450-D2D6-4479-BF5F-1E3D3222FBA6}"
EndProject
Global
	GlobalSection(SolutionConfigurationPlatforms) = preSolution
		Debug|Any CPU = Debug|Any CPU
		Release|Any CPU = Release|Any CPU
	EndGlobalSection
	GlobalSection(ProjectConfigurationPlatforms) = postSolution
		{D66DE450-D2D6-4479-BF5F-1E3D3222FBA6}.Debug|Any CPU.ActiveCfg = Debug|Any CPU
		{D66DE450-D2D6-4479-BF5F-1E3D3222FBA6}.Debug|Any CPU.Build.0 = Debug|Any CPU
		{D66DE450-D2D6-4479-BF5F-1E3D3222FBA6}.Release|Any CPU.ActiveCfg = Release|Any CPU
		{D66DE450-D2D6-4479-BF5F-1E3D3222FBA6}.Release|Any CPU.Build.0 = Release|Any CPU
	EndGlobalSection
	GlobalSection(SolutionProperties) = preSolution
		HideSolutionNode = FALSE
	EndGlobalSection
	GlobalSection(ExtensibilityGlobals) = postSolution
		SolutionGuid = {314D2F11-2BEE-456F-A35F-15DDEB37813D}
	EndGlobalSection
EndGlobal
